// !$*UTF8*$!
{
	archiveVersion = 1;
	classes = {
	};
	objectVersion = 48;
	objects = {

/* Begin PBXBuildFile section */
		4C13086720BC8ABC00F39891 /* Common.swift in Sources */ = {isa = PBXBuildFile; fileRef = 4C13086620BC8ABC00F39891 /* Common.swift */; };
		4C4E35EC2055D20600833DB5 /* AppDelegate.swift in Sources */ = {isa = PBXBuildFile; fileRef = 4C4E35EB2055D20600833DB5 /* AppDelegate.swift */; };
		4C4E35F12055D20600833DB5 /* Main.storyboard in Resources */ = {isa = PBXBuildFile; fileRef = 4C4E35EF2055D20600833DB5 /* Main.storyboard */; };
		4C4E35F32055D20600833DB5 /* Assets.xcassets in Resources */ = {isa = PBXBuildFile; fileRef = 4C4E35F22055D20600833DB5 /* Assets.xcassets */; };
		4C4E35F62055D20600833DB5 /* LaunchScreen.storyboard in Resources */ = {isa = PBXBuildFile; fileRef = 4C4E35F42055D20600833DB5 /* LaunchScreen.storyboard */; };
		4C4E36032055D7EC00833DB5 /* AssetPlaybackManager.swift in Sources */ = {isa = PBXBuildFile; fileRef = 4C4E35FF2055D7EC00833DB5 /* AssetPlaybackManager.swift */; };
		4C4E36042055D7EC00833DB5 /* StreamListManager.swift in Sources */ = {isa = PBXBuildFile; fileRef = 4C4E36002055D7EC00833DB5 /* StreamListManager.swift */; };
		4C4E36092055D80700833DB5 /* Stream.swift in Sources */ = {isa = PBXBuildFile; fileRef = 4C4E36072055D80700833DB5 /* Stream.swift */; };
		4C4E360A2055D80700833DB5 /* Asset.swift in Sources */ = {isa = PBXBuildFile; fileRef = 4C4E36082055D80700833DB5 /* Asset.swift */; };
		4C4E360C2055D82500833DB5 /* Streams.plist in Resources */ = {isa = PBXBuildFile; fileRef = 4C4E360B2055D82500833DB5 /* Streams.plist */; };
		4C8AB22E205761A200E61251 /* HomeScreenViewController.swift in Sources */ = {isa = PBXBuildFile; fileRef = 4C8AB22D205761A200E61251 /* HomeScreenViewController.swift */; };
		4CB66EC623BA60C6006F0D4E /* TheRockAds.swift in Sources */ = {isa = PBXBuildFile; fileRef = 4CB66EC523BA60C6006F0D4E /* TheRockAds.swift */; };
		4CD7262D205D7708001B25BF /* RecentlyPlayedViewController.swift in Sources */ = {isa = PBXBuildFile; fileRef = 4CD7262C205D7708001B25BF /* RecentlyPlayedViewController.swift */; };
		4CDCEA5720C2E6D400C4BE61 /* BasicWebViewController.swift in Sources */ = {isa = PBXBuildFile; fileRef = 4CDCEA5620C2E6D400C4BE61 /* BasicWebViewController.swift */; };
		4CE0F1FB20BCDDC70096A5DD /* RSSTableViewController.swift in Sources */ = {isa = PBXBuildFile; fileRef = 4CE0F1FA20BCDDC70096A5DD /* RSSTableViewController.swift */; };
		4CEF5CBD209EA49E006EEEA1 /* WebsiteViewController.swift in Sources */ = {isa = PBXBuildFile; fileRef = 4CEF5CBC209EA49E006EEEA1 /* WebsiteViewController.swift */; };
		4CFCAB0E20BAE74B00B28844 /* LoggerViewController.swift in Sources */ = {isa = PBXBuildFile; fileRef = 4CFCAB0D20BAE74B00B28844 /* LoggerViewController.swift */; };
		4CFF8AE3209551B100921DC8 /* RockPageViewController.swift in Sources */ = {isa = PBXBuildFile; fileRef = 4CFF8AE2209551B100921DC8 /* RockPageViewController.swift */; };
		D87118EF3B3E315945283AE4 /* Pods_TheRockRadio.framework in Frameworks */ = {isa = PBXBuildFile; fileRef = ED0AE2ED8BCD190BE8AC50BD /* Pods_TheRockRadio.framework */; };
/* End PBXBuildFile section */

/* Begin PBXFileReference section */
		4C13086620BC8ABC00F39891 /* Common.swift */ = {isa = PBXFileReference; lastKnownFileType = sourcecode.swift; name = Common.swift; path = TheRockRadio/Common.swift; sourceTree = SOURCE_ROOT; };
		4C4E35E82055D20600833DB5 /* TheRockRadio.app */ = {isa = PBXFileReference; explicitFileType = wrapper.application; includeInIndex = 0; path = TheRockRadio.app; sourceTree = BUILT_PRODUCTS_DIR; };
		4C4E35EB2055D20600833DB5 /* AppDelegate.swift */ = {isa = PBXFileReference; lastKnownFileType = sourcecode.swift; path = AppDelegate.swift; sourceTree = "<group>"; };
		4C4E35F02055D20600833DB5 /* Base */ = {isa = PBXFileReference; lastKnownFileType = file.storyboard; name = Base; path = Base.lproj/Main.storyboard; sourceTree = "<group>"; };
		4C4E35F22055D20600833DB5 /* Assets.xcassets */ = {isa = PBXFileReference; lastKnownFileType = folder.assetcatalog; path = Assets.xcassets; sourceTree = "<group>"; };
		4C4E35F52055D20600833DB5 /* Base */ = {isa = PBXFileReference; lastKnownFileType = file.storyboard; name = Base; path = Base.lproj/LaunchScreen.storyboard; sourceTree = "<group>"; };
		4C4E35F72055D20600833DB5 /* Info.plist */ = {isa = PBXFileReference; lastKnownFileType = text.plist.xml; path = Info.plist; sourceTree = "<group>"; };
		4C4E35FF2055D7EC00833DB5 /* AssetPlaybackManager.swift */ = {isa = PBXFileReference; fileEncoding = 4; lastKnownFileType = sourcecode.swift; path = AssetPlaybackManager.swift; sourceTree = "<group>"; };
		4C4E36002055D7EC00833DB5 /* StreamListManager.swift */ = {isa = PBXFileReference; fileEncoding = 4; lastKnownFileType = sourcecode.swift; path = StreamListManager.swift; sourceTree = "<group>"; };
		4C4E36072055D80700833DB5 /* Stream.swift */ = {isa = PBXFileReference; fileEncoding = 4; lastKnownFileType = sourcecode.swift; path = Stream.swift; sourceTree = "<group>"; };
		4C4E36082055D80700833DB5 /* Asset.swift */ = {isa = PBXFileReference; fileEncoding = 4; lastKnownFileType = sourcecode.swift; path = Asset.swift; sourceTree = "<group>"; };
		4C4E360B2055D82500833DB5 /* Streams.plist */ = {isa = PBXFileReference; fileEncoding = 4; lastKnownFileType = text.plist.xml; path = Streams.plist; sourceTree = "<group>"; };
		4C8AB22D205761A200E61251 /* HomeScreenViewController.swift */ = {isa = PBXFileReference; lastKnownFileType = sourcecode.swift; path = HomeScreenViewController.swift; sourceTree = "<group>"; };
		4CA3AA7F208BAE6C00CFC94C /* TheRockRadio.entitlements */ = {isa = PBXFileReference; fileEncoding = 4; lastKnownFileType = text.plist.entitlements; path = TheRockRadio.entitlements; sourceTree = "<group>"; };
		4CB66EC523BA60C6006F0D4E /* TheRockAds.swift */ = {isa = PBXFileReference; lastKnownFileType = sourcecode.swift; path = TheRockAds.swift; sourceTree = "<group>"; };
		4CD7262C205D7708001B25BF /* RecentlyPlayedViewController.swift */ = {isa = PBXFileReference; lastKnownFileType = sourcecode.swift; path = RecentlyPlayedViewController.swift; sourceTree = "<group>"; };
		4CDCEA5620C2E6D400C4BE61 /* BasicWebViewController.swift */ = {isa = PBXFileReference; fileEncoding = 4; lastKnownFileType = sourcecode.swift; path = BasicWebViewController.swift; sourceTree = "<group>"; };
		4CE0F1FA20BCDDC70096A5DD /* RSSTableViewController.swift */ = {isa = PBXFileReference; lastKnownFileType = sourcecode.swift; path = RSSTableViewController.swift; sourceTree = "<group>"; };
		4CEF5CBC209EA49E006EEEA1 /* WebsiteViewController.swift */ = {isa = PBXFileReference; lastKnownFileType = sourcecode.swift; path = WebsiteViewController.swift; sourceTree = "<group>"; };
		4CFCAB0D20BAE74B00B28844 /* LoggerViewController.swift */ = {isa = PBXFileReference; lastKnownFileType = sourcecode.swift; path = LoggerViewController.swift; sourceTree = "<group>"; };
		4CFF8AE2209551B100921DC8 /* RockPageViewController.swift */ = {isa = PBXFileReference; lastKnownFileType = sourcecode.swift; path = RockPageViewController.swift; sourceTree = "<group>"; };
		64D54F424275877071D5C997 /* Pods-TheRockRadio.debug.xcconfig */ = {isa = PBXFileReference; includeInIndex = 1; lastKnownFileType = text.xcconfig; name = "Pods-TheRockRadio.debug.xcconfig"; path = "Pods/Target Support Files/Pods-TheRockRadio/Pods-TheRockRadio.debug.xcconfig"; sourceTree = "<group>"; };
		A1E47EEEBEF31709846EAC16 /* Pods-TheRockRadio.release.xcconfig */ = {isa = PBXFileReference; includeInIndex = 1; lastKnownFileType = text.xcconfig; name = "Pods-TheRockRadio.release.xcconfig"; path = "Pods/Target Support Files/Pods-TheRockRadio/Pods-TheRockRadio.release.xcconfig"; sourceTree = "<group>"; };
		ED0AE2ED8BCD190BE8AC50BD /* Pods_TheRockRadio.framework */ = {isa = PBXFileReference; explicitFileType = wrapper.framework; includeInIndex = 0; path = Pods_TheRockRadio.framework; sourceTree = BUILT_PRODUCTS_DIR; };
/* End PBXFileReference section */

/* Begin PBXFrameworksBuildPhase section */
		4C4E35E52055D20600833DB5 /* Frameworks */ = {
			isa = PBXFrameworksBuildPhase;
			buildActionMask = 2147483647;
			files = (
				D87118EF3B3E315945283AE4 /* Pods_TheRockRadio.framework in Frameworks */,
			);
			runOnlyForDeploymentPostprocessing = 0;
		};
/* End PBXFrameworksBuildPhase section */

/* Begin PBXGroup section */
		4C4E35DF2055D20600833DB5 = {
			isa = PBXGroup;
			children = (
				4C4E35EA2055D20600833DB5 /* TheRockRadio */,
				4C4E35E92055D20600833DB5 /* Products */,
				4CD744A7208B9E9D0023EAA7 /* Frameworks */,
				5E45FD65C6687CC1F2B0BCF4 /* Pods */,
			);
			sourceTree = "<group>";
		};
		4C4E35E92055D20600833DB5 /* Products */ = {
			isa = PBXGroup;
			children = (
				4C4E35E82055D20600833DB5 /* TheRockRadio.app */,
			);
			name = Products;
			sourceTree = "<group>";
		};
		4C4E35EA2055D20600833DB5 /* TheRockRadio */ = {
			isa = PBXGroup;
			children = (
				4C4E35EB2055D20600833DB5 /* AppDelegate.swift */,
				4C4E35EF2055D20600833DB5 /* Main.storyboard */,
				4CFF8AE2209551B100921DC8 /* RockPageViewController.swift */,
				4C8AB22D205761A200E61251 /* HomeScreenViewController.swift */,
				4CD7262C205D7708001B25BF /* RecentlyPlayedViewController.swift */,
				4CEF5CBC209EA49E006EEEA1 /* WebsiteViewController.swift */,
				4CE0F1FA20BCDDC70096A5DD /* RSSTableViewController.swift */,
				4CFCAB0D20BAE74B00B28844 /* LoggerViewController.swift */,
				4C13086620BC8ABC00F39891 /* Common.swift */,
				4CDCEA5620C2E6D400C4BE61 /* BasicWebViewController.swift */,
				4CB66EC523BA60C6006F0D4E /* TheRockAds.swift */,
				4C4E35FD2055D7EC00833DB5 /* Managers */,
				4C4E36062055D80700833DB5 /* Model */,
				4C4E35F22055D20600833DB5 /* Assets.xcassets */,
				4C4E35F42055D20600833DB5 /* LaunchScreen.storyboard */,
				4C4E360B2055D82500833DB5 /* Streams.plist */,
				4C4E35F72055D20600833DB5 /* Info.plist */,
				4CA3AA7F208BAE6C00CFC94C /* TheRockRadio.entitlements */,
			);
			path = TheRockRadio;
			sourceTree = "<group>";
		};
		4C4E35FD2055D7EC00833DB5 /* Managers */ = {
			isa = PBXGroup;
			children = (
				4C4E35FF2055D7EC00833DB5 /* AssetPlaybackManager.swift */,
				4C4E36002055D7EC00833DB5 /* StreamListManager.swift */,
			);
			path = Managers;
			sourceTree = "<group>";
		};
		4C4E36062055D80700833DB5 /* Model */ = {
			isa = PBXGroup;
			children = (
				4C4E36072055D80700833DB5 /* Stream.swift */,
				4C4E36082055D80700833DB5 /* Asset.swift */,
			);
			path = Model;
			sourceTree = "<group>";
		};
		4CD744A7208B9E9D0023EAA7 /* Frameworks */ = {
			isa = PBXGroup;
			children = (
				ED0AE2ED8BCD190BE8AC50BD /* Pods_TheRockRadio.framework */,
			);
			name = Frameworks;
			sourceTree = "<group>";
		};
		5E45FD65C6687CC1F2B0BCF4 /* Pods */ = {
			isa = PBXGroup;
			children = (
				64D54F424275877071D5C997 /* Pods-TheRockRadio.debug.xcconfig */,
				A1E47EEEBEF31709846EAC16 /* Pods-TheRockRadio.release.xcconfig */,
			);
			name = Pods;
			sourceTree = "<group>";
		};
/* End PBXGroup section */

/* Begin PBXNativeTarget section */
		4C4E35E72055D20600833DB5 /* TheRockRadio */ = {
			isa = PBXNativeTarget;
			buildConfigurationList = 4C4E35FA2055D20600833DB5 /* Build configuration list for PBXNativeTarget "TheRockRadio" */;
			buildPhases = (
				811BAE8A830FDCBDCF61464D /* [CP] Check Pods Manifest.lock */,
				4C4E35E42055D20600833DB5 /* Sources */,
				4C4E35E52055D20600833DB5 /* Frameworks */,
				4C4E35E62055D20600833DB5 /* Resources */,
				FFD38955D6685C2A2172186F /* [CP] Embed Pods Frameworks */,
				569245574FD908F431290118 /* [CP] Copy Pods Resources */,
			);
			buildRules = (
			);
			dependencies = (
			);
			name = TheRockRadio;
			productName = TheRockRadio;
			productReference = 4C4E35E82055D20600833DB5 /* TheRockRadio.app */;
			productType = "com.apple.product-type.application";
		};
/* End PBXNativeTarget section */

/* Begin PBXProject section */
		4C4E35E02055D20600833DB5 /* Project object */ = {
			isa = PBXProject;
			attributes = {
				LastSwiftUpdateCheck = 0920;
				LastUpgradeCheck = 0930;
				ORGANIZATIONNAME = "On The Move Software";
				TargetAttributes = {
					4C4E35E72055D20600833DB5 = {
						CreatedOnToolsVersion = 9.2;
						LastSwiftMigration = 1130;
						ProvisioningStyle = Manual;
						SystemCapabilities = {
							com.apple.BackgroundModes = {
								enabled = 1;
							};
							com.apple.HealthKit = {
								enabled = 0;
							};
						};
					};
				};
			};
			buildConfigurationList = 4C4E35E32055D20600833DB5 /* Build configuration list for PBXProject "TheRockRadio" */;
			compatibilityVersion = "Xcode 8.0";
			developmentRegion = en;
			hasScannedForEncodings = 0;
			knownRegions = (
				en,
				Base,
			);
			mainGroup = 4C4E35DF2055D20600833DB5;
			productRefGroup = 4C4E35E92055D20600833DB5 /* Products */;
			projectDirPath = "";
			projectRoot = "";
			targets = (
				4C4E35E72055D20600833DB5 /* TheRockRadio */,
			);
		};
/* End PBXProject section */

/* Begin PBXResourcesBuildPhase section */
		4C4E35E62055D20600833DB5 /* Resources */ = {
			isa = PBXResourcesBuildPhase;
			buildActionMask = 2147483647;
			files = (
				4C4E35F62055D20600833DB5 /* LaunchScreen.storyboard in Resources */,
				4C4E35F32055D20600833DB5 /* Assets.xcassets in Resources */,
				4C4E360C2055D82500833DB5 /* Streams.plist in Resources */,
				4C4E35F12055D20600833DB5 /* Main.storyboard in Resources */,
			);
			runOnlyForDeploymentPostprocessing = 0;
		};
/* End PBXResourcesBuildPhase section */

/* Begin PBXShellScriptBuildPhase section */
		569245574FD908F431290118 /* [CP] Copy Pods Resources */ = {
			isa = PBXShellScriptBuildPhase;
			buildActionMask = 2147483647;
			files = (
			);
			inputPaths = (
			);
			name = "[CP] Copy Pods Resources";
			outputPaths = (
			);
			runOnlyForDeploymentPostprocessing = 0;
			shellPath = /bin/sh;
			shellScript = "\"${SRCROOT}/Pods/Target Support Files/Pods-TheRockRadio/Pods-TheRockRadio-resources.sh\"\n";
			showEnvVarsInLog = 0;
		};
		811BAE8A830FDCBDCF61464D /* [CP] Check Pods Manifest.lock */ = {
			isa = PBXShellScriptBuildPhase;
			buildActionMask = 2147483647;
			files = (
			);
			inputPaths = (
				"${PODS_PODFILE_DIR_PATH}/Podfile.lock",
				"${PODS_ROOT}/Manifest.lock",
			);
			name = "[CP] Check Pods Manifest.lock";
			outputPaths = (
				"$(DERIVED_FILE_DIR)/Pods-TheRockRadio-checkManifestLockResult.txt",
			);
			runOnlyForDeploymentPostprocessing = 0;
			shellPath = /bin/sh;
			shellScript = "diff \"${PODS_PODFILE_DIR_PATH}/Podfile.lock\" \"${PODS_ROOT}/Manifest.lock\" > /dev/null\nif [ $? != 0 ] ; then\n    # print error to STDERR\n    echo \"error: The sandbox is not in sync with the Podfile.lock. Run 'pod install' or update your CocoaPods installation.\" >&2\n    exit 1\nfi\n# This output is used by Xcode 'outputs' to avoid re-running this script phase.\necho \"SUCCESS\" > \"${SCRIPT_OUTPUT_FILE_0}\"\n";
			showEnvVarsInLog = 0;
		};
		FFD38955D6685C2A2172186F /* [CP] Embed Pods Frameworks */ = {
			isa = PBXShellScriptBuildPhase;
			buildActionMask = 2147483647;
			files = (
			);
			inputPaths = (
			);
			name = "[CP] Embed Pods Frameworks";
			outputPaths = (
			);
			runOnlyForDeploymentPostprocessing = 0;
			shellPath = /bin/sh;
			shellScript = "\"${SRCROOT}/Pods/Target Support Files/Pods-TheRockRadio/Pods-TheRockRadio-frameworks.sh\"\n";
			showEnvVarsInLog = 0;
		};
/* End PBXShellScriptBuildPhase section */

/* Begin PBXSourcesBuildPhase section */
		4C4E35E42055D20600833DB5 /* Sources */ = {
			isa = PBXSourcesBuildPhase;
			buildActionMask = 2147483647;
			files = (
				4CEF5CBD209EA49E006EEEA1 /* WebsiteViewController.swift in Sources */,
				4C4E35EC2055D20600833DB5 /* AppDelegate.swift in Sources */,
				4C13086720BC8ABC00F39891 /* Common.swift in Sources */,
				4CFCAB0E20BAE74B00B28844 /* LoggerViewController.swift in Sources */,
				4C4E36032055D7EC00833DB5 /* AssetPlaybackManager.swift in Sources */,
				4CDCEA5720C2E6D400C4BE61 /* BasicWebViewController.swift in Sources */,
				4C4E36042055D7EC00833DB5 /* StreamListManager.swift in Sources */,
				4CE0F1FB20BCDDC70096A5DD /* RSSTableViewController.swift in Sources */,
				4CD7262D205D7708001B25BF /* RecentlyPlayedViewController.swift in Sources */,
				4CB66EC623BA60C6006F0D4E /* TheRockAds.swift in Sources */,
				4C4E360A2055D80700833DB5 /* Asset.swift in Sources */,
				4CFF8AE3209551B100921DC8 /* RockPageViewController.swift in Sources */,
				4C4E36092055D80700833DB5 /* Stream.swift in Sources */,
				4C8AB22E205761A200E61251 /* HomeScreenViewController.swift in Sources */,
			);
			runOnlyForDeploymentPostprocessing = 0;
		};
/* End PBXSourcesBuildPhase section */

/* Begin PBXVariantGroup section */
		4C4E35EF2055D20600833DB5 /* Main.storyboard */ = {
			isa = PBXVariantGroup;
			children = (
				4C4E35F02055D20600833DB5 /* Base */,
			);
			name = Main.storyboard;
			sourceTree = "<group>";
		};
		4C4E35F42055D20600833DB5 /* LaunchScreen.storyboard */ = {
			isa = PBXVariantGroup;
			children = (
				4C4E35F52055D20600833DB5 /* Base */,
			);
			name = LaunchScreen.storyboard;
			sourceTree = "<group>";
		};
/* End PBXVariantGroup section */

/* Begin XCBuildConfiguration section */
		4C4E35F82055D20600833DB5 /* Debug */ = {
			isa = XCBuildConfiguration;
			buildSettings = {
				ALWAYS_SEARCH_USER_PATHS = NO;
				CLANG_ANALYZER_NONNULL = YES;
				CLANG_ANALYZER_NUMBER_OBJECT_CONVERSION = YES_AGGRESSIVE;
				CLANG_CXX_LANGUAGE_STANDARD = "gnu++14";
				CLANG_CXX_LIBRARY = "libc++";
				CLANG_ENABLE_MODULES = YES;
				CLANG_ENABLE_OBJC_ARC = YES;
				CLANG_WARN_BLOCK_CAPTURE_AUTORELEASING = YES;
				CLANG_WARN_BOOL_CONVERSION = YES;
				CLANG_WARN_COMMA = YES;
				CLANG_WARN_CONSTANT_CONVERSION = YES;
				CLANG_WARN_DEPRECATED_OBJC_IMPLEMENTATIONS = YES;
				CLANG_WARN_DIRECT_OBJC_ISA_USAGE = YES_ERROR;
				CLANG_WARN_DOCUMENTATION_COMMENTS = YES;
				CLANG_WARN_EMPTY_BODY = YES;
				CLANG_WARN_ENUM_CONVERSION = YES;
				CLANG_WARN_INFINITE_RECURSION = YES;
				CLANG_WARN_INT_CONVERSION = YES;
				CLANG_WARN_NON_LITERAL_NULL_CONVERSION = YES;
				CLANG_WARN_OBJC_IMPLICIT_RETAIN_SELF = YES;
				CLANG_WARN_OBJC_LITERAL_CONVERSION = YES;
				CLANG_WARN_OBJC_ROOT_CLASS = YES_ERROR;
				CLANG_WARN_RANGE_LOOP_ANALYSIS = YES;
				CLANG_WARN_STRICT_PROTOTYPES = YES;
				CLANG_WARN_SUSPICIOUS_MOVE = YES;
				CLANG_WARN_UNGUARDED_AVAILABILITY = YES_AGGRESSIVE;
				CLANG_WARN_UNREACHABLE_CODE = YES;
				CLANG_WARN__DUPLICATE_METHOD_MATCH = YES;
				CODE_SIGN_IDENTITY = "iPhone Developer";
				COPY_PHASE_STRIP = NO;
				DEBUG_INFORMATION_FORMAT = dwarf;
				ENABLE_STRICT_OBJC_MSGSEND = YES;
				ENABLE_TESTABILITY = YES;
				GCC_C_LANGUAGE_STANDARD = gnu11;
				GCC_DYNAMIC_NO_PIC = NO;
				GCC_NO_COMMON_BLOCKS = YES;
				GCC_OPTIMIZATION_LEVEL = 0;
				GCC_PREPROCESSOR_DEFINITIONS = (
					"DEBUG=1",
					"$(inherited)",
				);
				GCC_WARN_64_TO_32_BIT_CONVERSION = YES;
				GCC_WARN_ABOUT_RETURN_TYPE = YES_ERROR;
				GCC_WARN_UNDECLARED_SELECTOR = YES;
				GCC_WARN_UNINITIALIZED_AUTOS = YES_AGGRESSIVE;
				GCC_WARN_UNUSED_FUNCTION = YES;
				GCC_WARN_UNUSED_VARIABLE = YES;
				IPHONEOS_DEPLOYMENT_TARGET = 11.2;
				MTL_ENABLE_DEBUG_INFO = YES;
				ONLY_ACTIVE_ARCH = YES;
				SDKROOT = iphoneos;
				SWIFT_ACTIVE_COMPILATION_CONDITIONS = DEBUG;
				SWIFT_OPTIMIZATION_LEVEL = "-Onone";
			};
			name = Debug;
		};
		4C4E35F92055D20600833DB5 /* Release */ = {
			isa = XCBuildConfiguration;
			buildSettings = {
				ALWAYS_SEARCH_USER_PATHS = NO;
				CLANG_ANALYZER_NONNULL = YES;
				CLANG_ANALYZER_NUMBER_OBJECT_CONVERSION = YES_AGGRESSIVE;
				CLANG_CXX_LANGUAGE_STANDARD = "gnu++14";
				CLANG_CXX_LIBRARY = "libc++";
				CLANG_ENABLE_MODULES = YES;
				CLANG_ENABLE_OBJC_ARC = YES;
				CLANG_WARN_BLOCK_CAPTURE_AUTORELEASING = YES;
				CLANG_WARN_BOOL_CONVERSION = YES;
				CLANG_WARN_COMMA = YES;
				CLANG_WARN_CONSTANT_CONVERSION = YES;
				CLANG_WARN_DEPRECATED_OBJC_IMPLEMENTATIONS = YES;
				CLANG_WARN_DIRECT_OBJC_ISA_USAGE = YES_ERROR;
				CLANG_WARN_DOCUMENTATION_COMMENTS = YES;
				CLANG_WARN_EMPTY_BODY = YES;
				CLANG_WARN_ENUM_CONVERSION = YES;
				CLANG_WARN_INFINITE_RECURSION = YES;
				CLANG_WARN_INT_CONVERSION = YES;
				CLANG_WARN_NON_LITERAL_NULL_CONVERSION = YES;
				CLANG_WARN_OBJC_IMPLICIT_RETAIN_SELF = YES;
				CLANG_WARN_OBJC_LITERAL_CONVERSION = YES;
				CLANG_WARN_OBJC_ROOT_CLASS = YES_ERROR;
				CLANG_WARN_RANGE_LOOP_ANALYSIS = YES;
				CLANG_WARN_STRICT_PROTOTYPES = YES;
				CLANG_WARN_SUSPICIOUS_MOVE = YES;
				CLANG_WARN_UNGUARDED_AVAILABILITY = YES_AGGRESSIVE;
				CLANG_WARN_UNREACHABLE_CODE = YES;
				CLANG_WARN__DUPLICATE_METHOD_MATCH = YES;
				CODE_SIGN_IDENTITY = "iPhone Developer";
				COPY_PHASE_STRIP = NO;
				DEBUG_INFORMATION_FORMAT = "dwarf-with-dsym";
				ENABLE_NS_ASSERTIONS = NO;
				ENABLE_STRICT_OBJC_MSGSEND = YES;
				GCC_C_LANGUAGE_STANDARD = gnu11;
				GCC_NO_COMMON_BLOCKS = YES;
				GCC_WARN_64_TO_32_BIT_CONVERSION = YES;
				GCC_WARN_ABOUT_RETURN_TYPE = YES_ERROR;
				GCC_WARN_UNDECLARED_SELECTOR = YES;
				GCC_WARN_UNINITIALIZED_AUTOS = YES_AGGRESSIVE;
				GCC_WARN_UNUSED_FUNCTION = YES;
				GCC_WARN_UNUSED_VARIABLE = YES;
				IPHONEOS_DEPLOYMENT_TARGET = 11.2;
				MTL_ENABLE_DEBUG_INFO = NO;
				SDKROOT = iphoneos;
				SWIFT_OPTIMIZATION_LEVEL = "-Owholemodule";
				VALIDATE_PRODUCT = YES;
			};
			name = Release;
		};
		4C4E35FB2055D20600833DB5 /* Debug */ = {
			isa = XCBuildConfiguration;
			baseConfigurationReference = 64D54F424275877071D5C997 /* Pods-TheRockRadio.debug.xcconfig */;
			buildSettings = {
				ASSETCATALOG_COMPILER_APPICON_NAME = AppIcon;
				CODE_SIGN_ENTITLEMENTS = TheRockRadio/TheRockRadio.entitlements;
				CODE_SIGN_IDENTITY = "iPhone Developer";
				CODE_SIGN_STYLE = Manual;
				CURRENT_PROJECT_VERSION = 2;
				DEVELOPMENT_TEAM = 5UFVF24W7K;
				INFOPLIST_FILE = TheRockRadio/Info.plist;
				IPHONEOS_DEPLOYMENT_TARGET = 10.0;
				LD_RUNPATH_SEARCH_PATHS = "$(inherited) @executable_path/Frameworks";
				PRODUCT_BUNDLE_IDENTIFIER = com.onthemovesoftware.TheRockRadio;
				PRODUCT_NAME = "$(TARGET_NAME)";
				PROVISIONING_PROFILE = "9c9fd20e-72cf-4f3d-aecc-66f2e83e8d72";
				PROVISIONING_PROFILE_SPECIFIER = "CarPlay iOS Development December 2019";
				SWIFT_VERSION = 5.0;
				TARGETED_DEVICE_FAMILY = "1,2";
			};
			name = Debug;
		};
		4C4E35FC2055D20600833DB5 /* Release */ = {
			isa = XCBuildConfiguration;
			baseConfigurationReference = A1E47EEEBEF31709846EAC16 /* Pods-TheRockRadio.release.xcconfig */;
			buildSettings = {
				ASSETCATALOG_COMPILER_APPICON_NAME = AppIcon;
				CODE_SIGN_ENTITLEMENTS = TheRockRadio/TheRockRadio.entitlements;
				CODE_SIGN_IDENTITY = "iPhone Developer";
				CODE_SIGN_STYLE = Manual;
				CURRENT_PROJECT_VERSION = 2;
				DEVELOPMENT_TEAM = 5UFVF24W7K;
				INFOPLIST_FILE = TheRockRadio/Info.plist;
				IPHONEOS_DEPLOYMENT_TARGET = 10.0;
				LD_RUNPATH_SEARCH_PATHS = "$(inherited) @executable_path/Frameworks";
				PRODUCT_BUNDLE_IDENTIFIER = com.onthemovesoftware.TheRockRadio;
				PRODUCT_NAME = "$(TARGET_NAME)";
				PROVISIONING_PROFILE = "9c9fd20e-72cf-4f3d-aecc-66f2e83e8d72";
				PROVISIONING_PROFILE_SPECIFIER = "CarPlay iOS Development December 2019";
				SWIFT_VERSION = 5.0;
				TARGETED_DEVICE_FAMILY = "1,2";
			};
			name = Release;
		};
/* End XCBuildConfiguration section */

/* Begin XCConfigurationList section */
		4C4E35E32055D20600833DB5 /* Build configuration list for PBXProject "TheRockRadio" */ = {
			isa = XCConfigurationList;
			buildConfigurations = (
				4C4E35F82055D20600833DB5 /* Debug */,
				4C4E35F92055D20600833DB5 /* Release */,
			);
			defaultConfigurationIsVisible = 0;
			defaultConfigurationName = Release;
		};
		4C4E35FA2055D20600833DB5 /* Build configuration list for PBXNativeTarget "TheRockRadio" */ = {
			isa = XCConfigurationList;
			buildConfigurations = (
				4C4E35FB2055D20600833DB5 /* Debug */,
				4C4E35FC2055D20600833DB5 /* Release */,
			);
			defaultConfigurationIsVisible = 0;
			defaultConfigurationName = Release;
		};
/* End XCConfigurationList section */
	};
	rootObject = 4C4E35E02055D20600833DB5 /* Project object */;
}
